<Solution>
  <Folder Name="/src/">
    <Project Path="src/SivayaanHMS.Api/SivayaanHMS.Api.csproj" />
    <Project Path="src/SivayaanHMS.Core/SivayaanHMS.Core.csproj" />
    <Project Path="src/SivayaanHMS.Data/SivayaanHMS.Data.csproj" />
    <Project Path="src/SivayaanHMS.Printing/SivayaanHMS.Printing.csproj" />
  </Folder>
  <Folder Name="/tests/">
    <Project Path="tests/SivayaanHMS.Tests/SivayaanHMS.Tests.csproj" />
    <Project Path="tests/SivayaanHMS.UatTests/SivayaanHMS.UatTests.csproj" />
  </Folder>
  <Folder Name="/tools/">
    <Project Path="tools/SivayaanHMS.Automation/SivayaanHMS.Automation.csproj" />
  </Folder>
</Solution>
